// !$*UTF8*$!
{
	archiveVersion = 1;
	classes = {
	};
	objectVersion = 50;
	objects = {

/* Begin PBXBuildFile section */
		FB5977E7240D68D800BDA2CA /* AppDelegate.swift in Sources */ = {isa = PBXBuildFile; fileRef = FB5977E6240D68D800BDA2CA /* AppDelegate.swift */; };
		FB5977E9240D68D800BDA2CA /* SceneDelegate.swift in Sources */ = {isa = PBXBuildFile; fileRef = FB5977E8240D68D800BDA2CA /* SceneDelegate.swift */; };
		FB5977EB240D68D800BDA2CA /* ViewController.swift in Sources */ = {isa = PBXBuildFile; fileRef = FB5977EA240D68D800BDA2CA /* ViewController.swift */; };
		FB5977EE240D68D800BDA2CA /* Main.storyboard in Resources */ = {isa = PBXBuildFile; fileRef = FB5977EC240D68D800BDA2CA /* Main.storyboard */; };
		FB5977F0240D68D900BDA2CA /* Assets.xcassets in Resources */ = {isa = PBXBuildFile; fileRef = FB5977EF240D68D900BDA2CA /* Assets.xcassets */; };
		FB5977F3240D68D900BDA2CA /* LaunchScreen.storyboard in Resources */ = {isa = PBXBuildFile; fileRef = FB5977F1240D68D900BDA2CA /* LaunchScreen.storyboard */; };
		FB5977FB240D6EC900BDA2CA /* ViewControllerDetalle.swift in Sources */ = {isa = PBXBuildFile; fileRef = FB5977FA240D6EC900BDA2CA /* ViewControllerDetalle.swift */; };
/* End PBXBuildFile section */

/* Begin PBXFileReference section */
		FB5977E3240D68D800BDA2CA /* TableViewEx.app */ = {isa = PBXFileReference; explicitFileType = wrapper.application; includeInIndex = 0; path = TableViewEx.app; sourceTree = BUILT_PRODUCTS_DIR; };
		FB5977E6240D68D800BDA2CA /* AppDelegate.swift */ = {isa = PBXFileReference; lastKnownFileType = sourcecode.swift; path = AppDelegate.swift; sourceTree = "<group>"; };
		FB5977E8240D68D800BDA2CA /* SceneDelegate.swift */ = {isa = PBXFileReference; lastKnownFileType = sourcecode.swift; path = SceneDelegate.swift; sourceTree = "<group>"; };
		FB5977EA240D68D800BDA2CA /* ViewController.swift */ = {isa = PBXFileReference; lastKnownFileType = sourcecode.swift; path = ViewController.swift; sourceTree = "<group>"; };
		FB5977ED240D68D800BDA2CA /* Base */ = {isa = PBXFileReference; lastKnownFileType = file.storyboard; name = Base; path = Base.lproj/Main.storyboard; sourceTree = "<group>"; };
		FB5977EF240D68D900BDA2CA /* Assets.xcassets */ = {isa = PBXFileReference; lastKnownFileType = folder.assetcatalog; path = Assets.xcassets; sourceTree = "<group>"; };
		FB5977F2240D68D900BDA2CA /* Base */ = {isa = PBXFileReference; lastKnownFileType = file.storyboard; name = Base; path = Base.lproj/LaunchScreen.storyboard; sourceTree = "<group>"; };
		FB5977F4240D68D900BDA2CA /* Info.plist */ = {isa = PBXFileReference; lastKnownFileType = text.plist.xml; path = Info.plist; sourceTree = "<group>"; };
		FB5977FA240D6EC900BDA2CA /* ViewControllerDetalle.swift */ = {isa = PBXFileReference; lastKnownFileType = sourcecode.swift; path = ViewControllerDetalle.swift; sourceTree = "<group>"; };
/* End PBXFileReference section */

/* Begin PBXFrameworksBuildPhase section */
		FB5977E0240D68D800BDA2CA /* Frameworks */ = {
			isa = PBXFrameworksBuildPhase;
			buildActionMask = 2147483647;
			files = (
			);
			runOnlyForDeploymentPostprocessing = 0;
		};
/* End PBXFrameworksBuildPhase section */

/* Begin PBXGroup section */
		FB5977DA240D68D800BDA2CA = {
			isa = PBXGroup;
			children = (
				FB5977E5240D68D800BDA2CA /* TableViewEx */,
				FB5977E4240D68D800BDA2CA /* Products */,
			);
			sourceTree = "<group>";
		};
		FB5977E4240D68D800BDA2CA /* Products */ = {
			isa = PBXGroup;
			children = (
				FB5977E3240D68D800BDA2CA /* TableViewEx.app */,
			);
			name = Products;
			sourceTree = "<group>";
		};
		FB5977E5240D68D800BDA2CA /* TableViewEx */ = {
			isa = PBXGroup;
			children = (
				FB5977E6240D68D800BDA2CA /* AppDelegate.swift */,
				FB5977E8240D68D800BDA2CA /* SceneDelegate.swift */,
				FB5977EA240D68D800BDA2CA /* ViewController.swift */,
				FB5977EC240D68D800BDA2CA /* Main.storyboard */,
				FB5977FA240D6EC900BDA2CA /* ViewControllerDetalle.swift */,
				FB5977EF240D68D900BDA2CA /* Assets.xcassets */,
				FB5977F1240D68D900BDA2CA /* LaunchScreen.storyboard */,
				FB5977F4240D68D900BDA2CA /* Info.plist */,
			);
			path = TableViewEx;
			sourceTree = "<group>";
		};
/* End PBXGroup section */

/* Begin PBXNativeTarget section */
		FB5977E2240D68D800BDA2CA /* TableViewEx */ = {
			isa = PBXNativeTarget;
			buildConfigurationList = FB5977F7240D68D900BDA2CA /* Build configuration list for PBXNativeTarget "TableViewEx" */;
			buildPhases = (
				FB5977DF240D68D800BDA2CA /* Sources */,
				FB5977E0240D68D800BDA2CA /* Frameworks */,
				FB5977E1240D68D800BDA2CA /* Resources */,
			);
			buildRules = (
			);
			dependencies = (
			);
			name = TableViewEx;
			productName = TableViewEx;
			productReference = FB5977E3240D68D800BDA2CA /* TableViewEx.app */;
			productType = "com.apple.product-type.application";
		};
/* End PBXNativeTarget section */

/* Begin PBXProject section */
		FB5977DB240D68D800BDA2CA /* Project object */ = {
			isa = PBXProject;
			attributes = {
				LastSwiftUpdateCheck = 1130;
				LastUpgradeCheck = 1130;
				ORGANIZATIONNAME = alumno;
				TargetAttributes = {
					FB5977E2240D68D800BDA2CA = {
						CreatedOnToolsVersion = 11.3.1;
					};
				};
			};
			buildConfigurationList = FB5977DE240D68D800BDA2CA /* Build configuration list for PBXProject "TableViewEx" */;
			compatibilityVersion = "Xcode 9.3";
			developmentRegion = en;
			hasScannedForEncodings = 0;
			knownRegions = (
				en,
				Base,
			);
			mainGroup = FB5977DA240D68D800BDA2CA;
			productRefGroup = FB5977E4240D68D800BDA2CA /* Products */;
			projectDirPath = "";
			projectRoot = "";
			targets = (
				FB5977E2240D68D800BDA2CA /* TableViewEx */,
			);
		};
/* End PBXProject section */

/* Begin PBXResourcesBuildPhase section */
		FB5977E1240D68D800BDA2CA /* Resources */ = {
			isa = PBXResourcesBuildPhase;
			buildActionMask = 2147483647;
			files = (
				FB5977F3240D68D900BDA2CA /* LaunchScreen.storyboard in Resources */,
				FB5977F0240D68D900BDA2CA /* Assets.xcassets in Resources */,
				FB5977EE240D68D800BDA2CA /* Main.storyboard in Resources */,
			);
			runOnlyForDeploymentPostprocessing = 0;
		};
/* End PBXResourcesBuildPhase section */

/* Begin PBXSourcesBuildPhase section */
		FB5977DF240D68D800BDA2CA /* Sources */ = {
			isa = PBXSourcesBuildPhase;
			buildActionMask = 2147483647;
			files = (
				FB5977FB240D6EC900BDA2CA /* ViewControllerDetalle.swift in Sources */,
				FB5977EB240D68D800BDA2CA /* ViewController.swift in Sources */,
				FB5977E7240D68D800BDA2CA /* AppDelegate.swift in Sources */,
				FB5977E9240D68D800BDA2CA /* SceneDelegate.swift in Sources */,
			);
			runOnlyForDeploymentPostprocessing = 0;
		};
/* End PBXSourcesBuildPhase section */

/* Begin PBXVariantGroup section */
		FB5977EC240D68D800BDA2CA /* Main.storyboard */ = {
			isa = PBXVariantGroup;
			children = (
				FB5977ED240D68D800BDA2CA /* Base */,
			);
			name = Main.storyboard;
			sourceTree = "<group>";
		};
		FB5977F1240D68D900BDA2CA /* LaunchScreen.storyboard */ = {
			isa = PBXVariantGroup;
			children = (
				FB5977F2240D68D900BDA2CA /* Base */,
			);
			name = LaunchScreen.storyboard;
			sourceTree = "<group>";
		};
/* End PBXVariantGroup section */

/* Begin XCBuildConfiguration section */
		FB5977F5240D68D900BDA2CA /* Debug */ = {
			isa = XCBuildConfiguration;
			buildSettings = {
				ALWAYS_SEARCH_USER_PATHS = NO;
				CLANG_ANALYZER_NONNULL = YES;
				CLANG_ANALYZER_NUMBER_OBJECT_CONVERSION = YES_AGGRESSIVE;
				CLANG_CXX_LANGUAGE_STANDARD = "gnu++14";
				CLANG_CXX_LIBRARY = "libc++";
				CLANG_ENABLE_MODULES = YES;
				CLANG_ENABLE_OBJC_ARC = YES;
				CLANG_ENABLE_OBJC_WEAK = YES;
				CLANG_WARN_BLOCK_CAPTURE_AUTORELEASING = YES;
				CLANG_WARN_BOOL_CONVERSION = YES;
				CLANG_WARN_COMMA = YES;
				CLANG_WARN_CONSTANT_CONVERSION = YES;
				CLANG_WARN_DEPRECATED_OBJC_IMPLEMENTATIONS = YES;
				CLANG_WARN_DIRECT_OBJC_ISA_USAGE = YES_ERROR;
				CLANG_WARN_DOCUMENTATION_COMMENTS = YES;
				CLANG_WARN_EMPTY_BODY = YES;
				CLANG_WARN_ENUM_CONVERSION = YES;
				CLANG_WARN_INFINITE_RECURSION = YES;
				CLANG_WARN_INT_CONVERSION = YES;
				CLANG_WARN_NON_LITERAL_NULL_CONVERSION = YES;
				CLANG_WARN_OBJC_IMPLICIT_RETAIN_SELF = YES;
				CLANG_WARN_OBJC_LITERAL_CONVERSION = YES;
				CLANG_WARN_OBJC_ROOT_CLASS = YES_ERROR;
				CLANG_WARN_RANGE_LOOP_ANALYSIS = YES;
				CLANG_WARN_STRICT_PROTOTYPES = YES;
				CLANG_WARN_SUSPICIOUS_MOVE = YES;
				CLANG_WARN_UNGUARDED_AVAILABILITY = YES_AGGRESSIVE;
				CLANG_WARN_UNREACHABLE_CODE = YES;
				CLANG_WARN__DUPLICATE_METHOD_MATCH = YES;
				COPY_PHASE_STRIP = NO;
				DEBUG_INFORMATION_FORMAT = dwarf;
				ENABLE_STRICT_OBJC_MSGSEND = YES;
				ENABLE_TESTABILITY = YES;
				GCC_C_LANGUAGE_STANDARD = gnu11;
				GCC_DYNAMIC_NO_PIC = NO;
				GCC_NO_COMMON_BLOCKS = YES;
				GCC_OPTIMIZATION_LEVEL = 0;
				GCC_PREPROCESSOR_DEFINITIONS = (
					"DEBUG=1",
					"$(inherited)",
				);
				GCC_WARN_64_TO_32_BIT_CONVERSION = YES;
				GCC_WARN_ABOUT_RETURN_TYPE = YES_ERROR;
				GCC_WARN_UNDECLARED_SELECTOR = YES;
				GCC_WARN_UNINITIALIZED_AUTOS = YES_AGGRESSIVE;
				GCC_WARN_UNUSED_FUNCTION = YES;
				GCC_WARN_UNUSED_VARIABLE = YES;
				IPHONEOS_DEPLOYMENT_TARGET = 13.2;
				MTL_ENABLE_DEBUG_INFO = INCLUDE_SOURCE;
				MTL_FAST_MATH = YES;
				ONLY_ACTIVE_ARCH = YES;
				SDKROOT = iphoneos;
				SWIFT_ACTIVE_COMPILATION_CONDITIONS = DEBUG;
				SWIFT_OPTIMIZATION_LEVEL = "-Onone";
			};
			name = Debug;
		};
		FB5977F6240D68D900BDA2CA /* Release */ = {
			isa = XCBuildConfiguration;
			buildSettings = {
				ALWAYS_SEARCH_USER_PATHS = NO;
				CLANG_ANALYZER_NONNULL = YES;
				CLANG_ANALYZER_NUMBER_OBJECT_CONVERSION = YES_AGGRESSIVE;
				CLANG_CXX_LANGUAGE_STANDARD = "gnu++14";
				CLANG_CXX_LIBRARY = "libc++";
				CLANG_ENABLE_MODULES = YES;
				CLANG_ENABLE_OBJC_ARC = YES;
				CLANG_ENABLE_OBJC_WEAK = YES;
				CLANG_WARN_BLOCK_CAPTURE_AUTORELEASING = YES;
				CLANG_WARN_BOOL_CONVERSION = YES;
				CLANG_WARN_COMMA = YES;
				CLANG_WARN_CONSTANT_CONVERSION = YES;
				CLANG_WARN_DEPRECATED_OBJC_IMPLEMENTATIONS = YES;
				CLANG_WARN_DIRECT_OBJC_ISA_USAGE = YES_ERROR;
				CLANG_WARN_DOCUMENTATION_COMMENTS = YES;
				CLANG_WARN_EMPTY_BODY = YES;
				CLANG_WARN_ENUM_CONVERSION = YES;
				CLANG_WARN_INFINITE_RECURSION = YES;
				CLANG_WARN_INT_CONVERSION = YES;
				CLANG_WARN_NON_LITERAL_NULL_CONVERSION = YES;
				CLANG_WARN_OBJC_IMPLICIT_RETAIN_SELF = YES;
				CLANG_WARN_OBJC_LITERAL_CONVERSION = YES;
				CLANG_WARN_OBJC_ROOT_CLASS = YES_ERROR;
				CLANG_WARN_RANGE_LOOP_ANALYSIS = YES;
				CLANG_WARN_STRICT_PROTOTYPES = YES;
				CLANG_WARN_SUSPICIOUS_MOVE = YES;
				CLANG_WARN_UNGUARDED_AVAILABILITY = YES_AGGRESSIVE;
				CLANG_WARN_UNREACHABLE_CODE = YES;
				CLANG_WARN__DUPLICATE_METHOD_MATCH = YES;
				COPY_PHASE_STRIP = NO;
				DEBUG_INFORMATION_FORMAT = "dwarf-with-dsym";
				ENABLE_NS_ASSERTIONS = NO;
				ENABLE_STRICT_OBJC_MSGSEND = YES;
				GCC_C_LANGUAGE_STANDARD = gnu11;
				GCC_NO_COMMON_BLOCKS = YES;
				GCC_WARN_64_TO_32_BIT_CONVERSION = YES;
				GCC_WARN_ABOUT_RETURN_TYPE = YES_ERROR;
				GCC_WARN_UNDECLARED_SELECTOR = YES;
				GCC_WARN_UNINITIALIZED_AUTOS = YES_AGGRESSIVE;
				GCC_WARN_UNUSED_FUNCTION = YES;
				GCC_WARN_UNUSED_VARIABLE = YES;
				IPHONEOS_DEPLOYMENT_TARGET = 13.2;
				MTL_ENABLE_DEBUG_INFO = NO;
				MTL_FAST_MATH = YES;
				SDKROOT = iphoneos;
				SWIFT_COMPILATION_MODE = wholemodule;
				SWIFT_OPTIMIZATION_LEVEL = "-O";
				VALIDATE_PRODUCT = YES;
			};
			name = Release;
		};
		FB5977F8240D68D900BDA2CA /* Debug */ = {
			isa = XCBuildConfiguration;
			buildSettings = {
				ASSETCATALOG_COMPILER_APPICON_NAME = AppIcon;
				CODE_SIGN_STYLE = Automatic;
				INFOPLIST_FILE = TableViewEx/Info.plist;
				LD_RUNPATH_SEARCH_PATHS = (
					"$(inherited)",
					"@executable_path/Frameworks",
				);
				PRODUCT_BUNDLE_IDENTIFIER = mx.itesm.TableViewEx;
				PRODUCT_NAME = "$(TARGET_NAME)";
				SWIFT_VERSION = 5.0;
				TARGETED_DEVICE_FAMILY = "1,2";
			};
			name = Debug;
		};
		FB5977F9240D68D900BDA2CA /* Release */ = {
			isa = XCBuildConfiguration;
			buildSettings = {
				ASSETCATALOG_COMPILER_APPICON_NAME = AppIcon;
				CODE_SIGN_STYLE = Automatic;
				INFOPLIST_FILE = TableViewEx/Info.plist;
				LD_RUNPATH_SEARCH_PATHS = (
					"$(inherited)",
					"@executable_path/Frameworks",
				);
				PRODUCT_BUNDLE_IDENTIFIER = mx.itesm.TableViewEx;
				PRODUCT_NAME = "$(TARGET_NAME)";
				SWIFT_VERSION = 5.0;
				TARGETED_DEVICE_FAMILY = "1,2";
			};
			name = Release;
		};
/* End XCBuildConfiguration section */

/* Begin XCConfigurationList section */
		FB5977DE240D68D800BDA2CA /* Build configuration list for PBXProject "TableViewEx" */ = {
			isa = XCConfigurationList;
			buildConfigurations = (
				FB5977F5240D68D900BDA2CA /* Debug */,
				FB5977F6240D68D900BDA2CA /* Release */,
			);
			defaultConfigurationIsVisible = 0;
			defaultConfigurationName = Release;
		};
		FB5977F7240D68D900BDA2CA /* Build configuration list for PBXNativeTarget "TableViewEx" */ = {
			isa = XCConfigurationList;
			buildConfigurations = (
				FB5977F8240D68D900BDA2CA /* Debug */,
				FB5977F9240D68D900BDA2CA /* Release */,
			);
			defaultConfigurationIsVisible = 0;
			defaultConfigurationName = Release;
		};
/* End XCConfigurationList section */
	};
	rootObject = FB5977DB240D68D800BDA2CA /* Project object */;
}
