// !$*UTF8*$!
{
	archiveVersion = 1;
	classes = {
	};
	objectVersion = 50;
	objects = {

/* Begin PBXBuildFile section */
		0862D6012459059F000A3DE7 /* TableViewController.swift in Sources */ = {isa = PBXBuildFile; fileRef = 0862D6002459059F000A3DE7 /* TableViewController.swift */; };
		0862D60324590605000A3DE7 /* Articulo.swift in Sources */ = {isa = PBXBuildFile; fileRef = 0862D60224590605000A3DE7 /* Articulo.swift */; };
		08F8811E2458AD0400AA3FF3 /* AppDelegate.swift in Sources */ = {isa = PBXBuildFile; fileRef = 08F8811D2458AD0400AA3FF3 /* AppDelegate.swift */; };
		08F881202458AD0400AA3FF3 /* SceneDelegate.swift in Sources */ = {isa = PBXBuildFile; fileRef = 08F8811F2458AD0400AA3FF3 /* SceneDelegate.swift */; };
		08F881222458AD0400AA3FF3 /* ViewController.swift in Sources */ = {isa = PBXBuildFile; fileRef = 08F881212458AD0400AA3FF3 /* ViewController.swift */; };
		08F881252458AD0400AA3FF3 /* Main.storyboard in Resources */ = {isa = PBXBuildFile; fileRef = 08F881232458AD0400AA3FF3 /* Main.storyboard */; };
		08F881272458AD0500AA3FF3 /* Assets.xcassets in Resources */ = {isa = PBXBuildFile; fileRef = 08F881262458AD0500AA3FF3 /* Assets.xcassets */; };
		08F8812A2458AD0500AA3FF3 /* LaunchScreen.storyboard in Resources */ = {isa = PBXBuildFile; fileRef = 08F881282458AD0500AA3FF3 /* LaunchScreen.storyboard */; };
		08F881352458AD0500AA3FF3 /* Tares6Tests.swift in Sources */ = {isa = PBXBuildFile; fileRef = 08F881342458AD0500AA3FF3 /* Tares6Tests.swift */; };
		08F881402458AD0500AA3FF3 /* Tares6UITests.swift in Sources */ = {isa = PBXBuildFile; fileRef = 08F8813F2458AD0500AA3FF3 /* Tares6UITests.swift */; };
/* End PBXBuildFile section */

/* Begin PBXContainerItemProxy section */
		08F881312458AD0500AA3FF3 /* PBXContainerItemProxy */ = {
			isa = PBXContainerItemProxy;
			containerPortal = 08F881122458AD0300AA3FF3 /* Project object */;
			proxyType = 1;
			remoteGlobalIDString = 08F881192458AD0400AA3FF3;
			remoteInfo = Tares6;
		};
		08F8813C2458AD0500AA3FF3 /* PBXContainerItemProxy */ = {
			isa = PBXContainerItemProxy;
			containerPortal = 08F881122458AD0300AA3FF3 /* Project object */;
			proxyType = 1;
			remoteGlobalIDString = 08F881192458AD0400AA3FF3;
			remoteInfo = Tares6;
		};
/* End PBXContainerItemProxy section */

/* Begin PBXFileReference section */
		0862D6002459059F000A3DE7 /* TableViewController.swift */ = {isa = PBXFileReference; lastKnownFileType = sourcecode.swift; path = TableViewController.swift; sourceTree = "<group>"; };
		0862D60224590605000A3DE7 /* Articulo.swift */ = {isa = PBXFileReference; lastKnownFileType = sourcecode.swift; path = Articulo.swift; sourceTree = "<group>"; };
		08F8811A2458AD0400AA3FF3 /* Tares6.app */ = {isa = PBXFileReference; explicitFileType = wrapper.application; includeInIndex = 0; path = Tares6.app; sourceTree = BUILT_PRODUCTS_DIR; };
		08F8811D2458AD0400AA3FF3 /* AppDelegate.swift */ = {isa = PBXFileReference; lastKnownFileType = sourcecode.swift; path = AppDelegate.swift; sourceTree = "<group>"; };
		08F8811F2458AD0400AA3FF3 /* SceneDelegate.swift */ = {isa = PBXFileReference; lastKnownFileType = sourcecode.swift; path = SceneDelegate.swift; sourceTree = "<group>"; };
		08F881212458AD0400AA3FF3 /* ViewController.swift */ = {isa = PBXFileReference; lastKnownFileType = sourcecode.swift; path = ViewController.swift; sourceTree = "<group>"; };
		08F881242458AD0400AA3FF3 /* Base */ = {isa = PBXFileReference; lastKnownFileType = file.storyboard; name = Base; path = Base.lproj/Main.storyboard; sourceTree = "<group>"; };
		08F881262458AD0500AA3FF3 /* Assets.xcassets */ = {isa = PBXFileReference; lastKnownFileType = folder.assetcatalog; path = Assets.xcassets; sourceTree = "<group>"; };
		08F881292458AD0500AA3FF3 /* Base */ = {isa = PBXFileReference; lastKnownFileType = file.storyboard; name = Base; path = Base.lproj/LaunchScreen.storyboard; sourceTree = "<group>"; };
		08F8812B2458AD0500AA3FF3 /* Info.plist */ = {isa = PBXFileReference; lastKnownFileType = text.plist.xml; path = Info.plist; sourceTree = "<group>"; };
		08F881302458AD0500AA3FF3 /* Tares6Tests.xctest */ = {isa = PBXFileReference; explicitFileType = wrapper.cfbundle; includeInIndex = 0; path = Tares6Tests.xctest; sourceTree = BUILT_PRODUCTS_DIR; };
		08F881342458AD0500AA3FF3 /* Tares6Tests.swift */ = {isa = PBXFileReference; lastKnownFileType = sourcecode.swift; path = Tares6Tests.swift; sourceTree = "<group>"; };
		08F881362458AD0500AA3FF3 /* Info.plist */ = {isa = PBXFileReference; lastKnownFileType = text.plist.xml; path = Info.plist; sourceTree = "<group>"; };
		08F8813B2458AD0500AA3FF3 /* Tares6UITests.xctest */ = {isa = PBXFileReference; explicitFileType = wrapper.cfbundle; includeInIndex = 0; path = Tares6UITests.xctest; sourceTree = BUILT_PRODUCTS_DIR; };
		08F8813F2458AD0500AA3FF3 /* Tares6UITests.swift */ = {isa = PBXFileReference; lastKnownFileType = sourcecode.swift; path = Tares6UITests.swift; sourceTree = "<group>"; };
		08F881412458AD0500AA3FF3 /* Info.plist */ = {isa = PBXFileReference; lastKnownFileType = text.plist.xml; path = Info.plist; sourceTree = "<group>"; };
/* End PBXFileReference section */

/* Begin PBXFrameworksBuildPhase section */
		08F881172458AD0400AA3FF3 /* Frameworks */ = {
			isa = PBXFrameworksBuildPhase;
			buildActionMask = 2147483647;
			files = (
			);
			runOnlyForDeploymentPostprocessing = 0;
		};
		08F8812D2458AD0500AA3FF3 /* Frameworks */ = {
			isa = PBXFrameworksBuildPhase;
			buildActionMask = 2147483647;
			files = (
			);
			runOnlyForDeploymentPostprocessing = 0;
		};
		08F881382458AD0500AA3FF3 /* Frameworks */ = {
			isa = PBXFrameworksBuildPhase;
			buildActionMask = 2147483647;
			files = (
			);
			runOnlyForDeploymentPostprocessing = 0;
		};
/* End PBXFrameworksBuildPhase section */

/* Begin PBXGroup section */
		08F881112458AD0300AA3FF3 = {
			isa = PBXGroup;
			children = (
				08F8811C2458AD0400AA3FF3 /* Tares6 */,
				08F881332458AD0500AA3FF3 /* Tares6Tests */,
				08F8813E2458AD0500AA3FF3 /* Tares6UITests */,
				08F8811B2458AD0400AA3FF3 /* Products */,
			);
			sourceTree = "<group>";
		};
		08F8811B2458AD0400AA3FF3 /* Products */ = {
			isa = PBXGroup;
			children = (
				08F8811A2458AD0400AA3FF3 /* Tares6.app */,
				08F881302458AD0500AA3FF3 /* Tares6Tests.xctest */,
				08F8813B2458AD0500AA3FF3 /* Tares6UITests.xctest */,
			);
			name = Products;
			sourceTree = "<group>";
		};
		08F8811C2458AD0400AA3FF3 /* Tares6 */ = {
			isa = PBXGroup;
			children = (
				08F8811D2458AD0400AA3FF3 /* AppDelegate.swift */,
				08F8811F2458AD0400AA3FF3 /* SceneDelegate.swift */,
				08F881212458AD0400AA3FF3 /* ViewController.swift */,
				08F881232458AD0400AA3FF3 /* Main.storyboard */,
				08F881262458AD0500AA3FF3 /* Assets.xcassets */,
				08F881282458AD0500AA3FF3 /* LaunchScreen.storyboard */,
				08F8812B2458AD0500AA3FF3 /* Info.plist */,
				0862D6002459059F000A3DE7 /* TableViewController.swift */,
				0862D60224590605000A3DE7 /* Articulo.swift */,
			);
			path = Tares6;
			sourceTree = "<group>";
		};
		08F881332458AD0500AA3FF3 /* Tares6Tests */ = {
			isa = PBXGroup;
			children = (
				08F881342458AD0500AA3FF3 /* Tares6Tests.swift */,
				08F881362458AD0500AA3FF3 /* Info.plist */,
			);
			path = Tares6Tests;
			sourceTree = "<group>";
		};
		08F8813E2458AD0500AA3FF3 /* Tares6UITests */ = {
			isa = PBXGroup;
			children = (
				08F8813F2458AD0500AA3FF3 /* Tares6UITests.swift */,
				08F881412458AD0500AA3FF3 /* Info.plist */,
			);
			path = Tares6UITests;
			sourceTree = "<group>";
		};
/* End PBXGroup section */

/* Begin PBXNativeTarget section */
		08F881192458AD0400AA3FF3 /* Tares6 */ = {
			isa = PBXNativeTarget;
			buildConfigurationList = 08F881442458AD0500AA3FF3 /* Build configuration list for PBXNativeTarget "Tares6" */;
			buildPhases = (
				08F881162458AD0400AA3FF3 /* Sources */,
				08F881172458AD0400AA3FF3 /* Frameworks */,
				08F881182458AD0400AA3FF3 /* Resources */,
			);
			buildRules = (
			);
			dependencies = (
			);
			name = Tares6;
			productName = Tares6;
			productReference = 08F8811A2458AD0400AA3FF3 /* Tares6.app */;
			productType = "com.apple.product-type.application";
		};
		08F8812F2458AD0500AA3FF3 /* Tares6Tests */ = {
			isa = PBXNativeTarget;
			buildConfigurationList = 08F881472458AD0500AA3FF3 /* Build configuration list for PBXNativeTarget "Tares6Tests" */;
			buildPhases = (
				08F8812C2458AD0500AA3FF3 /* Sources */,
				08F8812D2458AD0500AA3FF3 /* Frameworks */,
				08F8812E2458AD0500AA3FF3 /* Resources */,
			);
			buildRules = (
			);
			dependencies = (
				08F881322458AD0500AA3FF3 /* PBXTargetDependency */,
			);
			name = Tares6Tests;
			productName = Tares6Tests;
			productReference = 08F881302458AD0500AA3FF3 /* Tares6Tests.xctest */;
			productType = "com.apple.product-type.bundle.unit-test";
		};
		08F8813A2458AD0500AA3FF3 /* Tares6UITests */ = {
			isa = PBXNativeTarget;
			buildConfigurationList = 08F8814A2458AD0500AA3FF3 /* Build configuration list for PBXNativeTarget "Tares6UITests" */;
			buildPhases = (
				08F881372458AD0500AA3FF3 /* Sources */,
				08F881382458AD0500AA3FF3 /* Frameworks */,
				08F881392458AD0500AA3FF3 /* Resources */,
			);
			buildRules = (
			);
			dependencies = (
				08F8813D2458AD0500AA3FF3 /* PBXTargetDependency */,
			);
			name = Tares6UITests;
			productName = Tares6UITests;
			productReference = 08F8813B2458AD0500AA3FF3 /* Tares6UITests.xctest */;
			productType = "com.apple.product-type.bundle.ui-testing";
		};
/* End PBXNativeTarget section */

/* Begin PBXProject section */
		08F881122458AD0300AA3FF3 /* Project object */ = {
			isa = PBXProject;
			attributes = {
				LastSwiftUpdateCheck = 1140;
				LastUpgradeCheck = 1140;
				ORGANIZATIONNAME = user168639;
				TargetAttributes = {
					08F881192458AD0400AA3FF3 = {
						CreatedOnToolsVersion = 11.4.1;
					};
					08F8812F2458AD0500AA3FF3 = {
						CreatedOnToolsVersion = 11.4.1;
						TestTargetID = 08F881192458AD0400AA3FF3;
					};
					08F8813A2458AD0500AA3FF3 = {
						CreatedOnToolsVersion = 11.4.1;
						TestTargetID = 08F881192458AD0400AA3FF3;
					};
				};
			};
			buildConfigurationList = 08F881152458AD0300AA3FF3 /* Build configuration list for PBXProject "Tares6" */;
			compatibilityVersion = "Xcode 9.3";
			developmentRegion = en;
			hasScannedForEncodings = 0;
			knownRegions = (
				en,
				Base,
			);
			mainGroup = 08F881112458AD0300AA3FF3;
			productRefGroup = 08F8811B2458AD0400AA3FF3 /* Products */;
			projectDirPath = "";
			projectRoot = "";
			targets = (
				08F881192458AD0400AA3FF3 /* Tares6 */,
				08F8812F2458AD0500AA3FF3 /* Tares6Tests */,
				08F8813A2458AD0500AA3FF3 /* Tares6UITests */,
			);
		};
/* End PBXProject section */

/* Begin PBXResourcesBuildPhase section */
		08F881182458AD0400AA3FF3 /* Resources */ = {
			isa = PBXResourcesBuildPhase;
			buildActionMask = 2147483647;
			files = (
				08F8812A2458AD0500AA3FF3 /* LaunchScreen.storyboard in Resources */,
				08F881272458AD0500AA3FF3 /* Assets.xcassets in Resources */,
				08F881252458AD0400AA3FF3 /* Main.storyboard in Resources */,
			);
			runOnlyForDeploymentPostprocessing = 0;
		};
		08F8812E2458AD0500AA3FF3 /* Resources */ = {
			isa = PBXResourcesBuildPhase;
			buildActionMask = 2147483647;
			files = (
			);
			runOnlyForDeploymentPostprocessing = 0;
		};
		08F881392458AD0500AA3FF3 /* Resources */ = {
			isa = PBXResourcesBuildPhase;
			buildActionMask = 2147483647;
			files = (
			);
			runOnlyForDeploymentPostprocessing = 0;
		};
/* End PBXResourcesBuildPhase section */

/* Begin PBXSourcesBuildPhase section */
		08F881162458AD0400AA3FF3 /* Sources */ = {
			isa = PBXSourcesBuildPhase;
			buildActionMask = 2147483647;
			files = (
				0862D60324590605000A3DE7 /* Articulo.swift in Sources */,
				08F881222458AD0400AA3FF3 /* ViewController.swift in Sources */,
				08F8811E2458AD0400AA3FF3 /* AppDelegate.swift in Sources */,
				08F881202458AD0400AA3FF3 /* SceneDelegate.swift in Sources */,
				0862D6012459059F000A3DE7 /* TableViewController.swift in Sources */,
			);
			runOnlyForDeploymentPostprocessing = 0;
		};
		08F8812C2458AD0500AA3FF3 /* Sources */ = {
			isa = PBXSourcesBuildPhase;
			buildActionMask = 2147483647;
			files = (
				08F881352458AD0500AA3FF3 /* Tares6Tests.swift in Sources */,
			);
			runOnlyForDeploymentPostprocessing = 0;
		};
		08F881372458AD0500AA3FF3 /* Sources */ = {
			isa = PBXSourcesBuildPhase;
			buildActionMask = 2147483647;
			files = (
				08F881402458AD0500AA3FF3 /* Tares6UITests.swift in Sources */,
			);
			runOnlyForDeploymentPostprocessing = 0;
		};
/* End PBXSourcesBuildPhase section */

/* Begin PBXTargetDependency section */
		08F881322458AD0500AA3FF3 /* PBXTargetDependency */ = {
			isa = PBXTargetDependency;
			target = 08F881192458AD0400AA3FF3 /* Tares6 */;
			targetProxy = 08F881312458AD0500AA3FF3 /* PBXContainerItemProxy */;
		};
		08F8813D2458AD0500AA3FF3 /* PBXTargetDependency */ = {
			isa = PBXTargetDependency;
			target = 08F881192458AD0400AA3FF3 /* Tares6 */;
			targetProxy = 08F8813C2458AD0500AA3FF3 /* PBXContainerItemProxy */;
		};
/* End PBXTargetDependency section */

/* Begin PBXVariantGroup section */
		08F881232458AD0400AA3FF3 /* Main.storyboard */ = {
			isa = PBXVariantGroup;
			children = (
				08F881242458AD0400AA3FF3 /* Base */,
			);
			name = Main.storyboard;
			sourceTree = "<group>";
		};
		08F881282458AD0500AA3FF3 /* LaunchScreen.storyboard */ = {
			isa = PBXVariantGroup;
			children = (
				08F881292458AD0500AA3FF3 /* Base */,
			);
			name = LaunchScreen.storyboard;
			sourceTree = "<group>";
		};
/* End PBXVariantGroup section */

/* Begin XCBuildConfiguration section */
		08F881422458AD0500AA3FF3 /* Debug */ = {
			isa = XCBuildConfiguration;
			buildSettings = {
				ALWAYS_SEARCH_USER_PATHS = NO;
				CLANG_ANALYZER_NONNULL = YES;
				CLANG_ANALYZER_NUMBER_OBJECT_CONVERSION = YES_AGGRESSIVE;
				CLANG_CXX_LANGUAGE_STANDARD = "gnu++14";
				CLANG_CXX_LIBRARY = "libc++";
				CLANG_ENABLE_MODULES = YES;
				CLANG_ENABLE_OBJC_ARC = YES;
				CLANG_ENABLE_OBJC_WEAK = YES;
				CLANG_WARN_BLOCK_CAPTURE_AUTORELEASING = YES;
				CLANG_WARN_BOOL_CONVERSION = YES;
				CLANG_WARN_COMMA = YES;
				CLANG_WARN_CONSTANT_CONVERSION = YES;
				CLANG_WARN_DEPRECATED_OBJC_IMPLEMENTATIONS = YES;
				CLANG_WARN_DIRECT_OBJC_ISA_USAGE = YES_ERROR;
				CLANG_WARN_DOCUMENTATION_COMMENTS = YES;
				CLANG_WARN_EMPTY_BODY = YES;
				CLANG_WARN_ENUM_CONVERSION = YES;
				CLANG_WARN_INFINITE_RECURSION = YES;
				CLANG_WARN_INT_CONVERSION = YES;
				CLANG_WARN_NON_LITERAL_NULL_CONVERSION = YES;
				CLANG_WARN_OBJC_IMPLICIT_RETAIN_SELF = YES;
				CLANG_WARN_OBJC_LITERAL_CONVERSION = YES;
				CLANG_WARN_OBJC_ROOT_CLASS = YES_ERROR;
				CLANG_WARN_RANGE_LOOP_ANALYSIS = YES;
				CLANG_WARN_STRICT_PROTOTYPES = YES;
				CLANG_WARN_SUSPICIOUS_MOVE = YES;
				CLANG_WARN_UNGUARDED_AVAILABILITY = YES_AGGRESSIVE;
				CLANG_WARN_UNREACHABLE_CODE = YES;
				CLANG_WARN__DUPLICATE_METHOD_MATCH = YES;
				COPY_PHASE_STRIP = NO;
				DEBUG_INFORMATION_FORMAT = dwarf;
				ENABLE_STRICT_OBJC_MSGSEND = YES;
				ENABLE_TESTABILITY = YES;
				GCC_C_LANGUAGE_STANDARD = gnu11;
				GCC_DYNAMIC_NO_PIC = NO;
				GCC_NO_COMMON_BLOCKS = YES;
				GCC_OPTIMIZATION_LEVEL = 0;
				GCC_PREPROCESSOR_DEFINITIONS = (
					"DEBUG=1",
					"$(inherited)",
				);
				GCC_WARN_64_TO_32_BIT_CONVERSION = YES;
				GCC_WARN_ABOUT_RETURN_TYPE = YES_ERROR;
				GCC_WARN_UNDECLARED_SELECTOR = YES;
				GCC_WARN_UNINITIALIZED_AUTOS = YES_AGGRESSIVE;
				GCC_WARN_UNUSED_FUNCTION = YES;
				GCC_WARN_UNUSED_VARIABLE = YES;
				IPHONEOS_DEPLOYMENT_TARGET = 13.4;
				MTL_ENABLE_DEBUG_INFO = INCLUDE_SOURCE;
				MTL_FAST_MATH = YES;
				ONLY_ACTIVE_ARCH = YES;
				SDKROOT = iphoneos;
				SWIFT_ACTIVE_COMPILATION_CONDITIONS = DEBUG;
				SWIFT_OPTIMIZATION_LEVEL = "-Onone";
			};
			name = Debug;
		};
		08F881432458AD0500AA3FF3 /* Release */ = {
			isa = XCBuildConfiguration;
			buildSettings = {
				ALWAYS_SEARCH_USER_PATHS = NO;
				CLANG_ANALYZER_NONNULL = YES;
				CLANG_ANALYZER_NUMBER_OBJECT_CONVERSION = YES_AGGRESSIVE;
				CLANG_CXX_LANGUAGE_STANDARD = "gnu++14";
				CLANG_CXX_LIBRARY = "libc++";
				CLANG_ENABLE_MODULES = YES;
				CLANG_ENABLE_OBJC_ARC = YES;
				CLANG_ENABLE_OBJC_WEAK = YES;
				CLANG_WARN_BLOCK_CAPTURE_AUTORELEASING = YES;
				CLANG_WARN_BOOL_CONVERSION = YES;
				CLANG_WARN_COMMA = YES;
				CLANG_WARN_CONSTANT_CONVERSION = YES;
				CLANG_WARN_DEPRECATED_OBJC_IMPLEMENTATIONS = YES;
				CLANG_WARN_DIRECT_OBJC_ISA_USAGE = YES_ERROR;
				CLANG_WARN_DOCUMENTATION_COMMENTS = YES;
				CLANG_WARN_EMPTY_BODY = YES;
				CLANG_WARN_ENUM_CONVERSION = YES;
				CLANG_WARN_INFINITE_RECURSION = YES;
				CLANG_WARN_INT_CONVERSION = YES;
				CLANG_WARN_NON_LITERAL_NULL_CONVERSION = YES;
				CLANG_WARN_OBJC_IMPLICIT_RETAIN_SELF = YES;
				CLANG_WARN_OBJC_LITERAL_CONVERSION = YES;
				CLANG_WARN_OBJC_ROOT_CLASS = YES_ERROR;
				CLANG_WARN_RANGE_LOOP_ANALYSIS = YES;
				CLANG_WARN_STRICT_PROTOTYPES = YES;
				CLANG_WARN_SUSPICIOUS_MOVE = YES;
				CLANG_WARN_UNGUARDED_AVAILABILITY = YES_AGGRESSIVE;
				CLANG_WARN_UNREACHABLE_CODE = YES;
				CLANG_WARN__DUPLICATE_METHOD_MATCH = YES;
				COPY_PHASE_STRIP = NO;
				DEBUG_INFORMATION_FORMAT = "dwarf-with-dsym";
				ENABLE_NS_ASSERTIONS = NO;
				ENABLE_STRICT_OBJC_MSGSEND = YES;
				GCC_C_LANGUAGE_STANDARD = gnu11;
				GCC_NO_COMMON_BLOCKS = YES;
				GCC_WARN_64_TO_32_BIT_CONVERSION = YES;
				GCC_WARN_ABOUT_RETURN_TYPE = YES_ERROR;
				GCC_WARN_UNDECLARED_SELECTOR = YES;
				GCC_WARN_UNINITIALIZED_AUTOS = YES_AGGRESSIVE;
				GCC_WARN_UNUSED_FUNCTION = YES;
				GCC_WARN_UNUSED_VARIABLE = YES;
				IPHONEOS_DEPLOYMENT_TARGET = 13.4;
				MTL_ENABLE_DEBUG_INFO = NO;
				MTL_FAST_MATH = YES;
				SDKROOT = iphoneos;
				SWIFT_COMPILATION_MODE = wholemodule;
				SWIFT_OPTIMIZATION_LEVEL = "-O";
				VALIDATE_PRODUCT = YES;
			};
			name = Release;
		};
		08F881452458AD0500AA3FF3 /* Debug */ = {
			isa = XCBuildConfiguration;
			buildSettings = {
				ASSETCATALOG_COMPILER_APPICON_NAME = AppIcon;
				CODE_SIGN_STYLE = Automatic;
				INFOPLIST_FILE = Tares6/Info.plist;
				LD_RUNPATH_SEARCH_PATHS = (
					"$(inherited)",
					"@executable_path/Frameworks",
				);
				PRODUCT_BUNDLE_IDENTIFIER = itesm.Tares6;
				PRODUCT_NAME = "$(TARGET_NAME)";
				SWIFT_VERSION = 5.0;
				TARGETED_DEVICE_FAMILY = "1,2";
			};
			name = Debug;
		};
		08F881462458AD0500AA3FF3 /* Release */ = {
			isa = XCBuildConfiguration;
			buildSettings = {
				ASSETCATALOG_COMPILER_APPICON_NAME = AppIcon;
				CODE_SIGN_STYLE = Automatic;
				INFOPLIST_FILE = Tares6/Info.plist;
				LD_RUNPATH_SEARCH_PATHS = (
					"$(inherited)",
					"@executable_path/Frameworks",
				);
				PRODUCT_BUNDLE_IDENTIFIER = itesm.Tares6;
				PRODUCT_NAME = "$(TARGET_NAME)";
				SWIFT_VERSION = 5.0;
				TARGETED_DEVICE_FAMILY = "1,2";
			};
			name = Release;
		};
		08F881482458AD0500AA3FF3 /* Debug */ = {
			isa = XCBuildConfiguration;
			buildSettings = {
				ALWAYS_EMBED_SWIFT_STANDARD_LIBRARIES = YES;
				BUNDLE_LOADER = "$(TEST_HOST)";
				CODE_SIGN_STYLE = Automatic;
				INFOPLIST_FILE = Tares6Tests/Info.plist;
				IPHONEOS_DEPLOYMENT_TARGET = 13.4;
				LD_RUNPATH_SEARCH_PATHS = (
					"$(inherited)",
					"@executable_path/Frameworks",
					"@loader_path/Frameworks",
				);
				PRODUCT_BUNDLE_IDENTIFIER = itesm.Tares6Tests;
				PRODUCT_NAME = "$(TARGET_NAME)";
				SWIFT_VERSION = 5.0;
				TARGETED_DEVICE_FAMILY = "1,2";
				TEST_HOST = "$(BUILT_PRODUCTS_DIR)/Tares6.app/Tares6";
			};
			name = Debug;
		};
		08F881492458AD0500AA3FF3 /* Release */ = {
			isa = XCBuildConfiguration;
			buildSettings = {
				ALWAYS_EMBED_SWIFT_STANDARD_LIBRARIES = YES;
				BUNDLE_LOADER = "$(TEST_HOST)";
				CODE_SIGN_STYLE = Automatic;
				INFOPLIST_FILE = Tares6Tests/Info.plist;
				IPHONEOS_DEPLOYMENT_TARGET = 13.4;
				LD_RUNPATH_SEARCH_PATHS = (
					"$(inherited)",
					"@executable_path/Frameworks",
					"@loader_path/Frameworks",
				);
				PRODUCT_BUNDLE_IDENTIFIER = itesm.Tares6Tests;
				PRODUCT_NAME = "$(TARGET_NAME)";
				SWIFT_VERSION = 5.0;
				TARGETED_DEVICE_FAMILY = "1,2";
				TEST_HOST = "$(BUILT_PRODUCTS_DIR)/Tares6.app/Tares6";
			};
			name = Release;
		};
		08F8814B2458AD0500AA3FF3 /* Debug */ = {
			isa = XCBuildConfiguration;
			buildSettings = {
				ALWAYS_EMBED_SWIFT_STANDARD_LIBRARIES = YES;
				CODE_SIGN_STYLE = Automatic;
				INFOPLIST_FILE = Tares6UITests/Info.plist;
				LD_RUNPATH_SEARCH_PATHS = (
					"$(inherited)",
					"@executable_path/Frameworks",
					"@loader_path/Frameworks",
				);
				PRODUCT_BUNDLE_IDENTIFIER = itesm.Tares6UITests;
				PRODUCT_NAME = "$(TARGET_NAME)";
				SWIFT_VERSION = 5.0;
				TARGETED_DEVICE_FAMILY = "1,2";
				TEST_TARGET_NAME = Tares6;
			};
			name = Debug;
		};
		08F8814C2458AD0500AA3FF3 /* Release */ = {
			isa = XCBuildConfiguration;
			buildSettings = {
				ALWAYS_EMBED_SWIFT_STANDARD_LIBRARIES = YES;
				CODE_SIGN_STYLE = Automatic;
				INFOPLIST_FILE = Tares6UITests/Info.plist;
				LD_RUNPATH_SEARCH_PATHS = (
					"$(inherited)",
					"@executable_path/Frameworks",
					"@loader_path/Frameworks",
				);
				PRODUCT_BUNDLE_IDENTIFIER = itesm.Tares6UITests;
				PRODUCT_NAME = "$(TARGET_NAME)";
				SWIFT_VERSION = 5.0;
				TARGETED_DEVICE_FAMILY = "1,2";
				TEST_TARGET_NAME = Tares6;
			};
			name = Release;
		};
/* End XCBuildConfiguration section */

/* Begin XCConfigurationList section */
		08F881152458AD0300AA3FF3 /* Build configuration list for PBXProject "Tares6" */ = {
			isa = XCConfigurationList;
			buildConfigurations = (
				08F881422458AD0500AA3FF3 /* Debug */,
				08F881432458AD0500AA3FF3 /* Release */,
			);
			defaultConfigurationIsVisible = 0;
			defaultConfigurationName = Release;
		};
		08F881442458AD0500AA3FF3 /* Build configuration list for PBXNativeTarget "Tares6" */ = {
			isa = XCConfigurationList;
			buildConfigurations = (
				08F881452458AD0500AA3FF3 /* Debug */,
				08F881462458AD0500AA3FF3 /* Release */,
			);
			defaultConfigurationIsVisible = 0;
			defaultConfigurationName = Release;
		};
		08F881472458AD0500AA3FF3 /* Build configuration list for PBXNativeTarget "Tares6Tests" */ = {
			isa = XCConfigurationList;
			buildConfigurations = (
				08F881482458AD0500AA3FF3 /* Debug */,
				08F881492458AD0500AA3FF3 /* Release */,
			);
			defaultConfigurationIsVisible = 0;
			defaultConfigurationName = Release;
		};
		08F8814A2458AD0500AA3FF3 /* Build configuration list for PBXNativeTarget "Tares6UITests" */ = {
			isa = XCConfigurationList;
			buildConfigurations = (
				08F8814B2458AD0500AA3FF3 /* Debug */,
				08F8814C2458AD0500AA3FF3 /* Release */,
			);
			defaultConfigurationIsVisible = 0;
			defaultConfigurationName = Release;
		};
/* End XCConfigurationList section */
	};
	rootObject = 08F881122458AD0300AA3FF3 /* Project object */;
}
