// !$*UTF8*$!
{
	archiveVersion = 1;
	classes = {
	};
	objectVersion = 50;
	objects = {

/* Begin PBXBuildFile section */
		FB2D3ADD240EF09A007CAE8D /* AppDelegate.swift in Sources */ = {isa = PBXBuildFile; fileRef = FB2D3ADC240EF09A007CAE8D /* AppDelegate.swift */; };
		FB2D3ADF240EF09A007CAE8D /* SceneDelegate.swift in Sources */ = {isa = PBXBuildFile; fileRef = FB2D3ADE240EF09A007CAE8D /* SceneDelegate.swift */; };
		FB2D3AE1240EF09A007CAE8D /* ViewController.swift in Sources */ = {isa = PBXBuildFile; fileRef = FB2D3AE0240EF09A007CAE8D /* ViewController.swift */; };
		FB2D3AE4240EF09A007CAE8D /* Main.storyboard in Resources */ = {isa = PBXBuildFile; fileRef = FB2D3AE2240EF09A007CAE8D /* Main.storyboard */; };
		FB2D3AE6240EF09A007CAE8D /* Assets.xcassets in Resources */ = {isa = PBXBuildFile; fileRef = FB2D3AE5240EF09A007CAE8D /* Assets.xcassets */; };
		FB2D3AE9240EF09A007CAE8D /* LaunchScreen.storyboard in Resources */ = {isa = PBXBuildFile; fileRef = FB2D3AE7240EF09A007CAE8D /* LaunchScreen.storyboard */; };
		FB2D3AF1240EF41F007CAE8D /* ViewControllerEsfera.swift in Sources */ = {isa = PBXBuildFile; fileRef = FB2D3AF0240EF41F007CAE8D /* ViewControllerEsfera.swift */; };
		FB2D3AF3240EF436007CAE8D /* ViewControllerRectangulo.swift in Sources */ = {isa = PBXBuildFile; fileRef = FB2D3AF2240EF436007CAE8D /* ViewControllerRectangulo.swift */; };
/* End PBXBuildFile section */

/* Begin PBXFileReference section */
		FB2D3AD9240EF09A007CAE8D /* Tarea3.app */ = {isa = PBXFileReference; explicitFileType = wrapper.application; includeInIndex = 0; path = Tarea3.app; sourceTree = BUILT_PRODUCTS_DIR; };
		FB2D3ADC240EF09A007CAE8D /* AppDelegate.swift */ = {isa = PBXFileReference; lastKnownFileType = sourcecode.swift; path = AppDelegate.swift; sourceTree = "<group>"; };
		FB2D3ADE240EF09A007CAE8D /* SceneDelegate.swift */ = {isa = PBXFileReference; lastKnownFileType = sourcecode.swift; path = SceneDelegate.swift; sourceTree = "<group>"; };
		FB2D3AE0240EF09A007CAE8D /* ViewController.swift */ = {isa = PBXFileReference; lastKnownFileType = sourcecode.swift; path = ViewController.swift; sourceTree = "<group>"; };
		FB2D3AE3240EF09A007CAE8D /* Base */ = {isa = PBXFileReference; lastKnownFileType = file.storyboard; name = Base; path = Base.lproj/Main.storyboard; sourceTree = "<group>"; };
		FB2D3AE5240EF09A007CAE8D /* Assets.xcassets */ = {isa = PBXFileReference; lastKnownFileType = folder.assetcatalog; path = Assets.xcassets; sourceTree = "<group>"; };
		FB2D3AE8240EF09A007CAE8D /* Base */ = {isa = PBXFileReference; lastKnownFileType = file.storyboard; name = Base; path = Base.lproj/LaunchScreen.storyboard; sourceTree = "<group>"; };
		FB2D3AEA240EF09A007CAE8D /* Info.plist */ = {isa = PBXFileReference; lastKnownFileType = text.plist.xml; path = Info.plist; sourceTree = "<group>"; };
		FB2D3AF0240EF41F007CAE8D /* ViewControllerEsfera.swift */ = {isa = PBXFileReference; lastKnownFileType = sourcecode.swift; path = ViewControllerEsfera.swift; sourceTree = "<group>"; };
		FB2D3AF2240EF436007CAE8D /* ViewControllerRectangulo.swift */ = {isa = PBXFileReference; lastKnownFileType = sourcecode.swift; path = ViewControllerRectangulo.swift; sourceTree = "<group>"; };
/* End PBXFileReference section */

/* Begin PBXFrameworksBuildPhase section */
		FB2D3AD6240EF09A007CAE8D /* Frameworks */ = {
			isa = PBXFrameworksBuildPhase;
			buildActionMask = 2147483647;
			files = (
			);
			runOnlyForDeploymentPostprocessing = 0;
		};
/* End PBXFrameworksBuildPhase section */

/* Begin PBXGroup section */
		FB2D3AD0240EF09A007CAE8D = {
			isa = PBXGroup;
			children = (
				FB2D3ADB240EF09A007CAE8D /* Tarea3 */,
				FB2D3ADA240EF09A007CAE8D /* Products */,
			);
			sourceTree = "<group>";
		};
		FB2D3ADA240EF09A007CAE8D /* Products */ = {
			isa = PBXGroup;
			children = (
				FB2D3AD9240EF09A007CAE8D /* Tarea3.app */,
			);
			name = Products;
			sourceTree = "<group>";
		};
		FB2D3ADB240EF09A007CAE8D /* Tarea3 */ = {
			isa = PBXGroup;
			children = (
				FB2D3ADC240EF09A007CAE8D /* AppDelegate.swift */,
				FB2D3ADE240EF09A007CAE8D /* SceneDelegate.swift */,
				FB2D3AE0240EF09A007CAE8D /* ViewController.swift */,
				FB2D3AE2240EF09A007CAE8D /* Main.storyboard */,
				FB2D3AF0240EF41F007CAE8D /* ViewControllerEsfera.swift */,
				FB2D3AF2240EF436007CAE8D /* ViewControllerRectangulo.swift */,
				FB2D3AE5240EF09A007CAE8D /* Assets.xcassets */,
				FB2D3AE7240EF09A007CAE8D /* LaunchScreen.storyboard */,
				FB2D3AEA240EF09A007CAE8D /* Info.plist */,
			);
			path = Tarea3;
			sourceTree = "<group>";
		};
/* End PBXGroup section */

/* Begin PBXNativeTarget section */
		FB2D3AD8240EF09A007CAE8D /* Tarea3 */ = {
			isa = PBXNativeTarget;
			buildConfigurationList = FB2D3AED240EF09A007CAE8D /* Build configuration list for PBXNativeTarget "Tarea3" */;
			buildPhases = (
				FB2D3AD5240EF09A007CAE8D /* Sources */,
				FB2D3AD6240EF09A007CAE8D /* Frameworks */,
				FB2D3AD7240EF09A007CAE8D /* Resources */,
			);
			buildRules = (
			);
			dependencies = (
			);
			name = Tarea3;
			productName = Tarea3;
			productReference = FB2D3AD9240EF09A007CAE8D /* Tarea3.app */;
			productType = "com.apple.product-type.application";
		};
/* End PBXNativeTarget section */

/* Begin PBXProject section */
		FB2D3AD1240EF09A007CAE8D /* Project object */ = {
			isa = PBXProject;
			attributes = {
				LastSwiftUpdateCheck = 1130;
				LastUpgradeCheck = 1130;
				ORGANIZATIONNAME = alumno;
				TargetAttributes = {
					FB2D3AD8240EF09A007CAE8D = {
						CreatedOnToolsVersion = 11.3.1;
					};
				};
			};
			buildConfigurationList = FB2D3AD4240EF09A007CAE8D /* Build configuration list for PBXProject "Tarea3" */;
			compatibilityVersion = "Xcode 9.3";
			developmentRegion = en;
			hasScannedForEncodings = 0;
			knownRegions = (
				en,
				Base,
			);
			mainGroup = FB2D3AD0240EF09A007CAE8D;
			productRefGroup = FB2D3ADA240EF09A007CAE8D /* Products */;
			projectDirPath = "";
			projectRoot = "";
			targets = (
				FB2D3AD8240EF09A007CAE8D /* Tarea3 */,
			);
		};
/* End PBXProject section */

/* Begin PBXResourcesBuildPhase section */
		FB2D3AD7240EF09A007CAE8D /* Resources */ = {
			isa = PBXResourcesBuildPhase;
			buildActionMask = 2147483647;
			files = (
				FB2D3AE9240EF09A007CAE8D /* LaunchScreen.storyboard in Resources */,
				FB2D3AE6240EF09A007CAE8D /* Assets.xcassets in Resources */,
				FB2D3AE4240EF09A007CAE8D /* Main.storyboard in Resources */,
			);
			runOnlyForDeploymentPostprocessing = 0;
		};
/* End PBXResourcesBuildPhase section */

/* Begin PBXSourcesBuildPhase section */
		FB2D3AD5240EF09A007CAE8D /* Sources */ = {
			isa = PBXSourcesBuildPhase;
			buildActionMask = 2147483647;
			files = (
				FB2D3AE1240EF09A007CAE8D /* ViewController.swift in Sources */,
				FB2D3AF3240EF436007CAE8D /* ViewControllerRectangulo.swift in Sources */,
				FB2D3ADD240EF09A007CAE8D /* AppDelegate.swift in Sources */,
				FB2D3AF1240EF41F007CAE8D /* ViewControllerEsfera.swift in Sources */,
				FB2D3ADF240EF09A007CAE8D /* SceneDelegate.swift in Sources */,
			);
			runOnlyForDeploymentPostprocessing = 0;
		};
/* End PBXSourcesBuildPhase section */

/* Begin PBXVariantGroup section */
		FB2D3AE2240EF09A007CAE8D /* Main.storyboard */ = {
			isa = PBXVariantGroup;
			children = (
				FB2D3AE3240EF09A007CAE8D /* Base */,
			);
			name = Main.storyboard;
			sourceTree = "<group>";
		};
		FB2D3AE7240EF09A007CAE8D /* LaunchScreen.storyboard */ = {
			isa = PBXVariantGroup;
			children = (
				FB2D3AE8240EF09A007CAE8D /* Base */,
			);
			name = LaunchScreen.storyboard;
			sourceTree = "<group>";
		};
/* End PBXVariantGroup section */

/* Begin XCBuildConfiguration section */
		FB2D3AEB240EF09A007CAE8D /* Debug */ = {
			isa = XCBuildConfiguration;
			buildSettings = {
				ALWAYS_SEARCH_USER_PATHS = NO;
				CLANG_ANALYZER_NONNULL = YES;
				CLANG_ANALYZER_NUMBER_OBJECT_CONVERSION = YES_AGGRESSIVE;
				CLANG_CXX_LANGUAGE_STANDARD = "gnu++14";
				CLANG_CXX_LIBRARY = "libc++";
				CLANG_ENABLE_MODULES = YES;
				CLANG_ENABLE_OBJC_ARC = YES;
				CLANG_ENABLE_OBJC_WEAK = YES;
				CLANG_WARN_BLOCK_CAPTURE_AUTORELEASING = YES;
				CLANG_WARN_BOOL_CONVERSION = YES;
				CLANG_WARN_COMMA = YES;
				CLANG_WARN_CONSTANT_CONVERSION = YES;
				CLANG_WARN_DEPRECATED_OBJC_IMPLEMENTATIONS = YES;
				CLANG_WARN_DIRECT_OBJC_ISA_USAGE = YES_ERROR;
				CLANG_WARN_DOCUMENTATION_COMMENTS = YES;
				CLANG_WARN_EMPTY_BODY = YES;
				CLANG_WARN_ENUM_CONVERSION = YES;
				CLANG_WARN_INFINITE_RECURSION = YES;
				CLANG_WARN_INT_CONVERSION = YES;
				CLANG_WARN_NON_LITERAL_NULL_CONVERSION = YES;
				CLANG_WARN_OBJC_IMPLICIT_RETAIN_SELF = YES;
				CLANG_WARN_OBJC_LITERAL_CONVERSION = YES;
				CLANG_WARN_OBJC_ROOT_CLASS = YES_ERROR;
				CLANG_WARN_RANGE_LOOP_ANALYSIS = YES;
				CLANG_WARN_STRICT_PROTOTYPES = YES;
				CLANG_WARN_SUSPICIOUS_MOVE = YES;
				CLANG_WARN_UNGUARDED_AVAILABILITY = YES_AGGRESSIVE;
				CLANG_WARN_UNREACHABLE_CODE = YES;
				CLANG_WARN__DUPLICATE_METHOD_MATCH = YES;
				COPY_PHASE_STRIP = NO;
				DEBUG_INFORMATION_FORMAT = dwarf;
				ENABLE_STRICT_OBJC_MSGSEND = YES;
				ENABLE_TESTABILITY = YES;
				GCC_C_LANGUAGE_STANDARD = gnu11;
				GCC_DYNAMIC_NO_PIC = NO;
				GCC_NO_COMMON_BLOCKS = YES;
				GCC_OPTIMIZATION_LEVEL = 0;
				GCC_PREPROCESSOR_DEFINITIONS = (
					"DEBUG=1",
					"$(inherited)",
				);
				GCC_WARN_64_TO_32_BIT_CONVERSION = YES;
				GCC_WARN_ABOUT_RETURN_TYPE = YES_ERROR;
				GCC_WARN_UNDECLARED_SELECTOR = YES;
				GCC_WARN_UNINITIALIZED_AUTOS = YES_AGGRESSIVE;
				GCC_WARN_UNUSED_FUNCTION = YES;
				GCC_WARN_UNUSED_VARIABLE = YES;
				IPHONEOS_DEPLOYMENT_TARGET = 13.2;
				MTL_ENABLE_DEBUG_INFO = INCLUDE_SOURCE;
				MTL_FAST_MATH = YES;
				ONLY_ACTIVE_ARCH = YES;
				SDKROOT = iphoneos;
				SWIFT_ACTIVE_COMPILATION_CONDITIONS = DEBUG;
				SWIFT_OPTIMIZATION_LEVEL = "-Onone";
			};
			name = Debug;
		};
		FB2D3AEC240EF09A007CAE8D /* Release */ = {
			isa = XCBuildConfiguration;
			buildSettings = {
				ALWAYS_SEARCH_USER_PATHS = NO;
				CLANG_ANALYZER_NONNULL = YES;
				CLANG_ANALYZER_NUMBER_OBJECT_CONVERSION = YES_AGGRESSIVE;
				CLANG_CXX_LANGUAGE_STANDARD = "gnu++14";
				CLANG_CXX_LIBRARY = "libc++";
				CLANG_ENABLE_MODULES = YES;
				CLANG_ENABLE_OBJC_ARC = YES;
				CLANG_ENABLE_OBJC_WEAK = YES;
				CLANG_WARN_BLOCK_CAPTURE_AUTORELEASING = YES;
				CLANG_WARN_BOOL_CONVERSION = YES;
				CLANG_WARN_COMMA = YES;
				CLANG_WARN_CONSTANT_CONVERSION = YES;
				CLANG_WARN_DEPRECATED_OBJC_IMPLEMENTATIONS = YES;
				CLANG_WARN_DIRECT_OBJC_ISA_USAGE = YES_ERROR;
				CLANG_WARN_DOCUMENTATION_COMMENTS = YES;
				CLANG_WARN_EMPTY_BODY = YES;
				CLANG_WARN_ENUM_CONVERSION = YES;
				CLANG_WARN_INFINITE_RECURSION = YES;
				CLANG_WARN_INT_CONVERSION = YES;
				CLANG_WARN_NON_LITERAL_NULL_CONVERSION = YES;
				CLANG_WARN_OBJC_IMPLICIT_RETAIN_SELF = YES;
				CLANG_WARN_OBJC_LITERAL_CONVERSION = YES;
				CLANG_WARN_OBJC_ROOT_CLASS = YES_ERROR;
				CLANG_WARN_RANGE_LOOP_ANALYSIS = YES;
				CLANG_WARN_STRICT_PROTOTYPES = YES;
				CLANG_WARN_SUSPICIOUS_MOVE = YES;
				CLANG_WARN_UNGUARDED_AVAILABILITY = YES_AGGRESSIVE;
				CLANG_WARN_UNREACHABLE_CODE = YES;
				CLANG_WARN__DUPLICATE_METHOD_MATCH = YES;
				COPY_PHASE_STRIP = NO;
				DEBUG_INFORMATION_FORMAT = "dwarf-with-dsym";
				ENABLE_NS_ASSERTIONS = NO;
				ENABLE_STRICT_OBJC_MSGSEND = YES;
				GCC_C_LANGUAGE_STANDARD = gnu11;
				GCC_NO_COMMON_BLOCKS = YES;
				GCC_WARN_64_TO_32_BIT_CONVERSION = YES;
				GCC_WARN_ABOUT_RETURN_TYPE = YES_ERROR;
				GCC_WARN_UNDECLARED_SELECTOR = YES;
				GCC_WARN_UNINITIALIZED_AUTOS = YES_AGGRESSIVE;
				GCC_WARN_UNUSED_FUNCTION = YES;
				GCC_WARN_UNUSED_VARIABLE = YES;
				IPHONEOS_DEPLOYMENT_TARGET = 13.2;
				MTL_ENABLE_DEBUG_INFO = NO;
				MTL_FAST_MATH = YES;
				SDKROOT = iphoneos;
				SWIFT_COMPILATION_MODE = wholemodule;
				SWIFT_OPTIMIZATION_LEVEL = "-O";
				VALIDATE_PRODUCT = YES;
			};
			name = Release;
		};
		FB2D3AEE240EF09A007CAE8D /* Debug */ = {
			isa = XCBuildConfiguration;
			buildSettings = {
				ASSETCATALOG_COMPILER_APPICON_NAME = AppIcon;
				CODE_SIGN_STYLE = Automatic;
				INFOPLIST_FILE = Tarea3/Info.plist;
				LD_RUNPATH_SEARCH_PATHS = (
					"$(inherited)",
					"@executable_path/Frameworks",
				);
				PRODUCT_BUNDLE_IDENTIFIER = mx.itesm.Tarea3;
				PRODUCT_NAME = "$(TARGET_NAME)";
				SWIFT_VERSION = 5.0;
				TARGETED_DEVICE_FAMILY = "1,2";
			};
			name = Debug;
		};
		FB2D3AEF240EF09A007CAE8D /* Release */ = {
			isa = XCBuildConfiguration;
			buildSettings = {
				ASSETCATALOG_COMPILER_APPICON_NAME = AppIcon;
				CODE_SIGN_STYLE = Automatic;
				INFOPLIST_FILE = Tarea3/Info.plist;
				LD_RUNPATH_SEARCH_PATHS = (
					"$(inherited)",
					"@executable_path/Frameworks",
				);
				PRODUCT_BUNDLE_IDENTIFIER = mx.itesm.Tarea3;
				PRODUCT_NAME = "$(TARGET_NAME)";
				SWIFT_VERSION = 5.0;
				TARGETED_DEVICE_FAMILY = "1,2";
			};
			name = Release;
		};
/* End XCBuildConfiguration section */

/* Begin XCConfigurationList section */
		FB2D3AD4240EF09A007CAE8D /* Build configuration list for PBXProject "Tarea3" */ = {
			isa = XCConfigurationList;
			buildConfigurations = (
				FB2D3AEB240EF09A007CAE8D /* Debug */,
				FB2D3AEC240EF09A007CAE8D /* Release */,
			);
			defaultConfigurationIsVisible = 0;
			defaultConfigurationName = Release;
		};
		FB2D3AED240EF09A007CAE8D /* Build configuration list for PBXNativeTarget "Tarea3" */ = {
			isa = XCConfigurationList;
			buildConfigurations = (
				FB2D3AEE240EF09A007CAE8D /* Debug */,
				FB2D3AEF240EF09A007CAE8D /* Release */,
			);
			defaultConfigurationIsVisible = 0;
			defaultConfigurationName = Release;
		};
/* End XCConfigurationList section */
	};
	rootObject = FB2D3AD1240EF09A007CAE8D /* Project object */;
}
