// !$*UTF8*$!
{
	archiveVersion = 1;
	classes = {
	};
	objectVersion = 50;
	objects = {

/* Begin PBXBuildFile section */
		080EE8EB24494F1E00DC2D19 /* AppDelegate.swift in Sources */ = {isa = PBXBuildFile; fileRef = 080EE8EA24494F1E00DC2D19 /* AppDelegate.swift */; };
		080EE8ED24494F1E00DC2D19 /* SceneDelegate.swift in Sources */ = {isa = PBXBuildFile; fileRef = 080EE8EC24494F1E00DC2D19 /* SceneDelegate.swift */; };
		080EE8F224494F1E00DC2D19 /* Main.storyboard in Resources */ = {isa = PBXBuildFile; fileRef = 080EE8F024494F1E00DC2D19 /* Main.storyboard */; };
		080EE8F424494F2000DC2D19 /* Assets.xcassets in Resources */ = {isa = PBXBuildFile; fileRef = 080EE8F324494F2000DC2D19 /* Assets.xcassets */; };
		080EE8F724494F2000DC2D19 /* LaunchScreen.storyboard in Resources */ = {isa = PBXBuildFile; fileRef = 080EE8F524494F2000DC2D19 /* LaunchScreen.storyboard */; };
		080EE90224494F2000DC2D19 /* Tarea5Tests.swift in Sources */ = {isa = PBXBuildFile; fileRef = 080EE90124494F2000DC2D19 /* Tarea5Tests.swift */; };
		080EE90D24494F2000DC2D19 /* Tarea5UITests.swift in Sources */ = {isa = PBXBuildFile; fileRef = 080EE90C24494F2000DC2D19 /* Tarea5UITests.swift */; };
		080EE91B24494FCC00DC2D19 /* TableViewController.swift in Sources */ = {isa = PBXBuildFile; fileRef = 080EE91A24494FCC00DC2D19 /* TableViewController.swift */; };
		080EE91D24494FFE00DC2D19 /* Empleado.swift in Sources */ = {isa = PBXBuildFile; fileRef = 080EE91C24494FFE00DC2D19 /* Empleado.swift */; };
/* End PBXBuildFile section */

/* Begin PBXContainerItemProxy section */
		080EE8FE24494F2000DC2D19 /* PBXContainerItemProxy */ = {
			isa = PBXContainerItemProxy;
			containerPortal = 080EE8DF24494F1E00DC2D19 /* Project object */;
			proxyType = 1;
			remoteGlobalIDString = 080EE8E624494F1E00DC2D19;
			remoteInfo = Tarea5;
		};
		080EE90924494F2000DC2D19 /* PBXContainerItemProxy */ = {
			isa = PBXContainerItemProxy;
			containerPortal = 080EE8DF24494F1E00DC2D19 /* Project object */;
			proxyType = 1;
			remoteGlobalIDString = 080EE8E624494F1E00DC2D19;
			remoteInfo = Tarea5;
		};
/* End PBXContainerItemProxy section */

/* Begin PBXFileReference section */
		080EE8E724494F1E00DC2D19 /* Tarea5.app */ = {isa = PBXFileReference; explicitFileType = wrapper.application; includeInIndex = 0; path = Tarea5.app; sourceTree = BUILT_PRODUCTS_DIR; };
		080EE8EA24494F1E00DC2D19 /* AppDelegate.swift */ = {isa = PBXFileReference; lastKnownFileType = sourcecode.swift; path = AppDelegate.swift; sourceTree = "<group>"; };
		080EE8EC24494F1E00DC2D19 /* SceneDelegate.swift */ = {isa = PBXFileReference; lastKnownFileType = sourcecode.swift; path = SceneDelegate.swift; sourceTree = "<group>"; };
		080EE8F124494F1E00DC2D19 /* Base */ = {isa = PBXFileReference; lastKnownFileType = file.storyboard; name = Base; path = Base.lproj/Main.storyboard; sourceTree = "<group>"; };
		080EE8F324494F2000DC2D19 /* Assets.xcassets */ = {isa = PBXFileReference; lastKnownFileType = folder.assetcatalog; path = Assets.xcassets; sourceTree = "<group>"; };
		080EE8F624494F2000DC2D19 /* Base */ = {isa = PBXFileReference; lastKnownFileType = file.storyboard; name = Base; path = Base.lproj/LaunchScreen.storyboard; sourceTree = "<group>"; };
		080EE8F824494F2000DC2D19 /* Info.plist */ = {isa = PBXFileReference; lastKnownFileType = text.plist.xml; path = Info.plist; sourceTree = "<group>"; };
		080EE8FD24494F2000DC2D19 /* Tarea5Tests.xctest */ = {isa = PBXFileReference; explicitFileType = wrapper.cfbundle; includeInIndex = 0; path = Tarea5Tests.xctest; sourceTree = BUILT_PRODUCTS_DIR; };
		080EE90124494F2000DC2D19 /* Tarea5Tests.swift */ = {isa = PBXFileReference; lastKnownFileType = sourcecode.swift; path = Tarea5Tests.swift; sourceTree = "<group>"; };
		080EE90324494F2000DC2D19 /* Info.plist */ = {isa = PBXFileReference; lastKnownFileType = text.plist.xml; path = Info.plist; sourceTree = "<group>"; };
		080EE90824494F2000DC2D19 /* Tarea5UITests.xctest */ = {isa = PBXFileReference; explicitFileType = wrapper.cfbundle; includeInIndex = 0; path = Tarea5UITests.xctest; sourceTree = BUILT_PRODUCTS_DIR; };
		080EE90C24494F2000DC2D19 /* Tarea5UITests.swift */ = {isa = PBXFileReference; lastKnownFileType = sourcecode.swift; path = Tarea5UITests.swift; sourceTree = "<group>"; };
		080EE90E24494F2000DC2D19 /* Info.plist */ = {isa = PBXFileReference; lastKnownFileType = text.plist.xml; path = Info.plist; sourceTree = "<group>"; };
		080EE91A24494FCC00DC2D19 /* TableViewController.swift */ = {isa = PBXFileReference; lastKnownFileType = sourcecode.swift; path = TableViewController.swift; sourceTree = "<group>"; };
		080EE91C24494FFE00DC2D19 /* Empleado.swift */ = {isa = PBXFileReference; lastKnownFileType = sourcecode.swift; path = Empleado.swift; sourceTree = "<group>"; };
/* End PBXFileReference section */

/* Begin PBXFrameworksBuildPhase section */
		080EE8E424494F1E00DC2D19 /* Frameworks */ = {
			isa = PBXFrameworksBuildPhase;
			buildActionMask = 2147483647;
			files = (
			);
			runOnlyForDeploymentPostprocessing = 0;
		};
		080EE8FA24494F2000DC2D19 /* Frameworks */ = {
			isa = PBXFrameworksBuildPhase;
			buildActionMask = 2147483647;
			files = (
			);
			runOnlyForDeploymentPostprocessing = 0;
		};
		080EE90524494F2000DC2D19 /* Frameworks */ = {
			isa = PBXFrameworksBuildPhase;
			buildActionMask = 2147483647;
			files = (
			);
			runOnlyForDeploymentPostprocessing = 0;
		};
/* End PBXFrameworksBuildPhase section */

/* Begin PBXGroup section */
		080EE8DE24494F1E00DC2D19 = {
			isa = PBXGroup;
			children = (
				080EE8E924494F1E00DC2D19 /* Tarea5 */,
				080EE90024494F2000DC2D19 /* Tarea5Tests */,
				080EE90B24494F2000DC2D19 /* Tarea5UITests */,
				080EE8E824494F1E00DC2D19 /* Products */,
			);
			sourceTree = "<group>";
		};
		080EE8E824494F1E00DC2D19 /* Products */ = {
			isa = PBXGroup;
			children = (
				080EE8E724494F1E00DC2D19 /* Tarea5.app */,
				080EE8FD24494F2000DC2D19 /* Tarea5Tests.xctest */,
				080EE90824494F2000DC2D19 /* Tarea5UITests.xctest */,
			);
			name = Products;
			sourceTree = "<group>";
		};
		080EE8E924494F1E00DC2D19 /* Tarea5 */ = {
			isa = PBXGroup;
			children = (
				080EE8EA24494F1E00DC2D19 /* AppDelegate.swift */,
				080EE8EC24494F1E00DC2D19 /* SceneDelegate.swift */,
				080EE8F024494F1E00DC2D19 /* Main.storyboard */,
				080EE8F324494F2000DC2D19 /* Assets.xcassets */,
				080EE8F524494F2000DC2D19 /* LaunchScreen.storyboard */,
				080EE8F824494F2000DC2D19 /* Info.plist */,
				080EE91A24494FCC00DC2D19 /* TableViewController.swift */,
				080EE91C24494FFE00DC2D19 /* Empleado.swift */,
			);
			path = Tarea5;
			sourceTree = "<group>";
		};
		080EE90024494F2000DC2D19 /* Tarea5Tests */ = {
			isa = PBXGroup;
			children = (
				080EE90124494F2000DC2D19 /* Tarea5Tests.swift */,
				080EE90324494F2000DC2D19 /* Info.plist */,
			);
			path = Tarea5Tests;
			sourceTree = "<group>";
		};
		080EE90B24494F2000DC2D19 /* Tarea5UITests */ = {
			isa = PBXGroup;
			children = (
				080EE90C24494F2000DC2D19 /* Tarea5UITests.swift */,
				080EE90E24494F2000DC2D19 /* Info.plist */,
			);
			path = Tarea5UITests;
			sourceTree = "<group>";
		};
/* End PBXGroup section */

/* Begin PBXNativeTarget section */
		080EE8E624494F1E00DC2D19 /* Tarea5 */ = {
			isa = PBXNativeTarget;
			buildConfigurationList = 080EE91124494F2000DC2D19 /* Build configuration list for PBXNativeTarget "Tarea5" */;
			buildPhases = (
				080EE8E324494F1E00DC2D19 /* Sources */,
				080EE8E424494F1E00DC2D19 /* Frameworks */,
				080EE8E524494F1E00DC2D19 /* Resources */,
			);
			buildRules = (
			);
			dependencies = (
			);
			name = Tarea5;
			productName = Tarea5;
			productReference = 080EE8E724494F1E00DC2D19 /* Tarea5.app */;
			productType = "com.apple.product-type.application";
		};
		080EE8FC24494F2000DC2D19 /* Tarea5Tests */ = {
			isa = PBXNativeTarget;
			buildConfigurationList = 080EE91424494F2000DC2D19 /* Build configuration list for PBXNativeTarget "Tarea5Tests" */;
			buildPhases = (
				080EE8F924494F2000DC2D19 /* Sources */,
				080EE8FA24494F2000DC2D19 /* Frameworks */,
				080EE8FB24494F2000DC2D19 /* Resources */,
			);
			buildRules = (
			);
			dependencies = (
				080EE8FF24494F2000DC2D19 /* PBXTargetDependency */,
			);
			name = Tarea5Tests;
			productName = Tarea5Tests;
			productReference = 080EE8FD24494F2000DC2D19 /* Tarea5Tests.xctest */;
			productType = "com.apple.product-type.bundle.unit-test";
		};
		080EE90724494F2000DC2D19 /* Tarea5UITests */ = {
			isa = PBXNativeTarget;
			buildConfigurationList = 080EE91724494F2000DC2D19 /* Build configuration list for PBXNativeTarget "Tarea5UITests" */;
			buildPhases = (
				080EE90424494F2000DC2D19 /* Sources */,
				080EE90524494F2000DC2D19 /* Frameworks */,
				080EE90624494F2000DC2D19 /* Resources */,
			);
			buildRules = (
			);
			dependencies = (
				080EE90A24494F2000DC2D19 /* PBXTargetDependency */,
			);
			name = Tarea5UITests;
			productName = Tarea5UITests;
			productReference = 080EE90824494F2000DC2D19 /* Tarea5UITests.xctest */;
			productType = "com.apple.product-type.bundle.ui-testing";
		};
/* End PBXNativeTarget section */

/* Begin PBXProject section */
		080EE8DF24494F1E00DC2D19 /* Project object */ = {
			isa = PBXProject;
			attributes = {
				LastSwiftUpdateCheck = 1140;
				LastUpgradeCheck = 1140;
				ORGANIZATIONNAME = user168639;
				TargetAttributes = {
					080EE8E624494F1E00DC2D19 = {
						CreatedOnToolsVersion = 11.4;
					};
					080EE8FC24494F2000DC2D19 = {
						CreatedOnToolsVersion = 11.4;
						TestTargetID = 080EE8E624494F1E00DC2D19;
					};
					080EE90724494F2000DC2D19 = {
						CreatedOnToolsVersion = 11.4;
						TestTargetID = 080EE8E624494F1E00DC2D19;
					};
				};
			};
			buildConfigurationList = 080EE8E224494F1E00DC2D19 /* Build configuration list for PBXProject "Tarea5" */;
			compatibilityVersion = "Xcode 9.3";
			developmentRegion = en;
			hasScannedForEncodings = 0;
			knownRegions = (
				en,
				Base,
			);
			mainGroup = 080EE8DE24494F1E00DC2D19;
			productRefGroup = 080EE8E824494F1E00DC2D19 /* Products */;
			projectDirPath = "";
			projectRoot = "";
			targets = (
				080EE8E624494F1E00DC2D19 /* Tarea5 */,
				080EE8FC24494F2000DC2D19 /* Tarea5Tests */,
				080EE90724494F2000DC2D19 /* Tarea5UITests */,
			);
		};
/* End PBXProject section */

/* Begin PBXResourcesBuildPhase section */
		080EE8E524494F1E00DC2D19 /* Resources */ = {
			isa = PBXResourcesBuildPhase;
			buildActionMask = 2147483647;
			files = (
				080EE8F724494F2000DC2D19 /* LaunchScreen.storyboard in Resources */,
				080EE8F424494F2000DC2D19 /* Assets.xcassets in Resources */,
				080EE8F224494F1E00DC2D19 /* Main.storyboard in Resources */,
			);
			runOnlyForDeploymentPostprocessing = 0;
		};
		080EE8FB24494F2000DC2D19 /* Resources */ = {
			isa = PBXResourcesBuildPhase;
			buildActionMask = 2147483647;
			files = (
			);
			runOnlyForDeploymentPostprocessing = 0;
		};
		080EE90624494F2000DC2D19 /* Resources */ = {
			isa = PBXResourcesBuildPhase;
			buildActionMask = 2147483647;
			files = (
			);
			runOnlyForDeploymentPostprocessing = 0;
		};
/* End PBXResourcesBuildPhase section */

/* Begin PBXSourcesBuildPhase section */
		080EE8E324494F1E00DC2D19 /* Sources */ = {
			isa = PBXSourcesBuildPhase;
			buildActionMask = 2147483647;
			files = (
				080EE91D24494FFE00DC2D19 /* Empleado.swift in Sources */,
				080EE8EB24494F1E00DC2D19 /* AppDelegate.swift in Sources */,
				080EE91B24494FCC00DC2D19 /* TableViewController.swift in Sources */,
				080EE8ED24494F1E00DC2D19 /* SceneDelegate.swift in Sources */,
			);
			runOnlyForDeploymentPostprocessing = 0;
		};
		080EE8F924494F2000DC2D19 /* Sources */ = {
			isa = PBXSourcesBuildPhase;
			buildActionMask = 2147483647;
			files = (
				080EE90224494F2000DC2D19 /* Tarea5Tests.swift in Sources */,
			);
			runOnlyForDeploymentPostprocessing = 0;
		};
		080EE90424494F2000DC2D19 /* Sources */ = {
			isa = PBXSourcesBuildPhase;
			buildActionMask = 2147483647;
			files = (
				080EE90D24494F2000DC2D19 /* Tarea5UITests.swift in Sources */,
			);
			runOnlyForDeploymentPostprocessing = 0;
		};
/* End PBXSourcesBuildPhase section */

/* Begin PBXTargetDependency section */
		080EE8FF24494F2000DC2D19 /* PBXTargetDependency */ = {
			isa = PBXTargetDependency;
			target = 080EE8E624494F1E00DC2D19 /* Tarea5 */;
			targetProxy = 080EE8FE24494F2000DC2D19 /* PBXContainerItemProxy */;
		};
		080EE90A24494F2000DC2D19 /* PBXTargetDependency */ = {
			isa = PBXTargetDependency;
			target = 080EE8E624494F1E00DC2D19 /* Tarea5 */;
			targetProxy = 080EE90924494F2000DC2D19 /* PBXContainerItemProxy */;
		};
/* End PBXTargetDependency section */

/* Begin PBXVariantGroup section */
		080EE8F024494F1E00DC2D19 /* Main.storyboard */ = {
			isa = PBXVariantGroup;
			children = (
				080EE8F124494F1E00DC2D19 /* Base */,
			);
			name = Main.storyboard;
			sourceTree = "<group>";
		};
		080EE8F524494F2000DC2D19 /* LaunchScreen.storyboard */ = {
			isa = PBXVariantGroup;
			children = (
				080EE8F624494F2000DC2D19 /* Base */,
			);
			name = LaunchScreen.storyboard;
			sourceTree = "<group>";
		};
/* End PBXVariantGroup section */

/* Begin XCBuildConfiguration section */
		080EE90F24494F2000DC2D19 /* Debug */ = {
			isa = XCBuildConfiguration;
			buildSettings = {
				ALWAYS_SEARCH_USER_PATHS = NO;
				CLANG_ANALYZER_NONNULL = YES;
				CLANG_ANALYZER_NUMBER_OBJECT_CONVERSION = YES_AGGRESSIVE;
				CLANG_CXX_LANGUAGE_STANDARD = "gnu++14";
				CLANG_CXX_LIBRARY = "libc++";
				CLANG_ENABLE_MODULES = YES;
				CLANG_ENABLE_OBJC_ARC = YES;
				CLANG_ENABLE_OBJC_WEAK = YES;
				CLANG_WARN_BLOCK_CAPTURE_AUTORELEASING = YES;
				CLANG_WARN_BOOL_CONVERSION = YES;
				CLANG_WARN_COMMA = YES;
				CLANG_WARN_CONSTANT_CONVERSION = YES;
				CLANG_WARN_DEPRECATED_OBJC_IMPLEMENTATIONS = YES;
				CLANG_WARN_DIRECT_OBJC_ISA_USAGE = YES_ERROR;
				CLANG_WARN_DOCUMENTATION_COMMENTS = YES;
				CLANG_WARN_EMPTY_BODY = YES;
				CLANG_WARN_ENUM_CONVERSION = YES;
				CLANG_WARN_INFINITE_RECURSION = YES;
				CLANG_WARN_INT_CONVERSION = YES;
				CLANG_WARN_NON_LITERAL_NULL_CONVERSION = YES;
				CLANG_WARN_OBJC_IMPLICIT_RETAIN_SELF = YES;
				CLANG_WARN_OBJC_LITERAL_CONVERSION = YES;
				CLANG_WARN_OBJC_ROOT_CLASS = YES_ERROR;
				CLANG_WARN_RANGE_LOOP_ANALYSIS = YES;
				CLANG_WARN_STRICT_PROTOTYPES = YES;
				CLANG_WARN_SUSPICIOUS_MOVE = YES;
				CLANG_WARN_UNGUARDED_AVAILABILITY = YES_AGGRESSIVE;
				CLANG_WARN_UNREACHABLE_CODE = YES;
				CLANG_WARN__DUPLICATE_METHOD_MATCH = YES;
				COPY_PHASE_STRIP = NO;
				DEBUG_INFORMATION_FORMAT = dwarf;
				ENABLE_STRICT_OBJC_MSGSEND = YES;
				ENABLE_TESTABILITY = YES;
				GCC_C_LANGUAGE_STANDARD = gnu11;
				GCC_DYNAMIC_NO_PIC = NO;
				GCC_NO_COMMON_BLOCKS = YES;
				GCC_OPTIMIZATION_LEVEL = 0;
				GCC_PREPROCESSOR_DEFINITIONS = (
					"DEBUG=1",
					"$(inherited)",
				);
				GCC_WARN_64_TO_32_BIT_CONVERSION = YES;
				GCC_WARN_ABOUT_RETURN_TYPE = YES_ERROR;
				GCC_WARN_UNDECLARED_SELECTOR = YES;
				GCC_WARN_UNINITIALIZED_AUTOS = YES_AGGRESSIVE;
				GCC_WARN_UNUSED_FUNCTION = YES;
				GCC_WARN_UNUSED_VARIABLE = YES;
				IPHONEOS_DEPLOYMENT_TARGET = 13.4;
				MTL_ENABLE_DEBUG_INFO = INCLUDE_SOURCE;
				MTL_FAST_MATH = YES;
				ONLY_ACTIVE_ARCH = YES;
				SDKROOT = iphoneos;
				SWIFT_ACTIVE_COMPILATION_CONDITIONS = DEBUG;
				SWIFT_OPTIMIZATION_LEVEL = "-Onone";
			};
			name = Debug;
		};
		080EE91024494F2000DC2D19 /* Release */ = {
			isa = XCBuildConfiguration;
			buildSettings = {
				ALWAYS_SEARCH_USER_PATHS = NO;
				CLANG_ANALYZER_NONNULL = YES;
				CLANG_ANALYZER_NUMBER_OBJECT_CONVERSION = YES_AGGRESSIVE;
				CLANG_CXX_LANGUAGE_STANDARD = "gnu++14";
				CLANG_CXX_LIBRARY = "libc++";
				CLANG_ENABLE_MODULES = YES;
				CLANG_ENABLE_OBJC_ARC = YES;
				CLANG_ENABLE_OBJC_WEAK = YES;
				CLANG_WARN_BLOCK_CAPTURE_AUTORELEASING = YES;
				CLANG_WARN_BOOL_CONVERSION = YES;
				CLANG_WARN_COMMA = YES;
				CLANG_WARN_CONSTANT_CONVERSION = YES;
				CLANG_WARN_DEPRECATED_OBJC_IMPLEMENTATIONS = YES;
				CLANG_WARN_DIRECT_OBJC_ISA_USAGE = YES_ERROR;
				CLANG_WARN_DOCUMENTATION_COMMENTS = YES;
				CLANG_WARN_EMPTY_BODY = YES;
				CLANG_WARN_ENUM_CONVERSION = YES;
				CLANG_WARN_INFINITE_RECURSION = YES;
				CLANG_WARN_INT_CONVERSION = YES;
				CLANG_WARN_NON_LITERAL_NULL_CONVERSION = YES;
				CLANG_WARN_OBJC_IMPLICIT_RETAIN_SELF = YES;
				CLANG_WARN_OBJC_LITERAL_CONVERSION = YES;
				CLANG_WARN_OBJC_ROOT_CLASS = YES_ERROR;
				CLANG_WARN_RANGE_LOOP_ANALYSIS = YES;
				CLANG_WARN_STRICT_PROTOTYPES = YES;
				CLANG_WARN_SUSPICIOUS_MOVE = YES;
				CLANG_WARN_UNGUARDED_AVAILABILITY = YES_AGGRESSIVE;
				CLANG_WARN_UNREACHABLE_CODE = YES;
				CLANG_WARN__DUPLICATE_METHOD_MATCH = YES;
				COPY_PHASE_STRIP = NO;
				DEBUG_INFORMATION_FORMAT = "dwarf-with-dsym";
				ENABLE_NS_ASSERTIONS = NO;
				ENABLE_STRICT_OBJC_MSGSEND = YES;
				GCC_C_LANGUAGE_STANDARD = gnu11;
				GCC_NO_COMMON_BLOCKS = YES;
				GCC_WARN_64_TO_32_BIT_CONVERSION = YES;
				GCC_WARN_ABOUT_RETURN_TYPE = YES_ERROR;
				GCC_WARN_UNDECLARED_SELECTOR = YES;
				GCC_WARN_UNINITIALIZED_AUTOS = YES_AGGRESSIVE;
				GCC_WARN_UNUSED_FUNCTION = YES;
				GCC_WARN_UNUSED_VARIABLE = YES;
				IPHONEOS_DEPLOYMENT_TARGET = 13.4;
				MTL_ENABLE_DEBUG_INFO = NO;
				MTL_FAST_MATH = YES;
				SDKROOT = iphoneos;
				SWIFT_COMPILATION_MODE = wholemodule;
				SWIFT_OPTIMIZATION_LEVEL = "-O";
				VALIDATE_PRODUCT = YES;
			};
			name = Release;
		};
		080EE91224494F2000DC2D19 /* Debug */ = {
			isa = XCBuildConfiguration;
			buildSettings = {
				ASSETCATALOG_COMPILER_APPICON_NAME = AppIcon;
				CODE_SIGN_STYLE = Automatic;
				INFOPLIST_FILE = Tarea5/Info.plist;
				LD_RUNPATH_SEARCH_PATHS = (
					"$(inherited)",
					"@executable_path/Frameworks",
				);
				PRODUCT_BUNDLE_IDENTIFIER = itesm.Tarea5;
				PRODUCT_NAME = "$(TARGET_NAME)";
				SWIFT_VERSION = 5.0;
				TARGETED_DEVICE_FAMILY = "1,2";
			};
			name = Debug;
		};
		080EE91324494F2000DC2D19 /* Release */ = {
			isa = XCBuildConfiguration;
			buildSettings = {
				ASSETCATALOG_COMPILER_APPICON_NAME = AppIcon;
				CODE_SIGN_STYLE = Automatic;
				INFOPLIST_FILE = Tarea5/Info.plist;
				LD_RUNPATH_SEARCH_PATHS = (
					"$(inherited)",
					"@executable_path/Frameworks",
				);
				PRODUCT_BUNDLE_IDENTIFIER = itesm.Tarea5;
				PRODUCT_NAME = "$(TARGET_NAME)";
				SWIFT_VERSION = 5.0;
				TARGETED_DEVICE_FAMILY = "1,2";
			};
			name = Release;
		};
		080EE91524494F2000DC2D19 /* Debug */ = {
			isa = XCBuildConfiguration;
			buildSettings = {
				ALWAYS_EMBED_SWIFT_STANDARD_LIBRARIES = YES;
				BUNDLE_LOADER = "$(TEST_HOST)";
				CODE_SIGN_STYLE = Automatic;
				INFOPLIST_FILE = Tarea5Tests/Info.plist;
				IPHONEOS_DEPLOYMENT_TARGET = 13.4;
				LD_RUNPATH_SEARCH_PATHS = (
					"$(inherited)",
					"@executable_path/Frameworks",
					"@loader_path/Frameworks",
				);
				PRODUCT_BUNDLE_IDENTIFIER = itesm.Tarea5Tests;
				PRODUCT_NAME = "$(TARGET_NAME)";
				SWIFT_VERSION = 5.0;
				TARGETED_DEVICE_FAMILY = "1,2";
				TEST_HOST = "$(BUILT_PRODUCTS_DIR)/Tarea5.app/Tarea5";
			};
			name = Debug;
		};
		080EE91624494F2000DC2D19 /* Release */ = {
			isa = XCBuildConfiguration;
			buildSettings = {
				ALWAYS_EMBED_SWIFT_STANDARD_LIBRARIES = YES;
				BUNDLE_LOADER = "$(TEST_HOST)";
				CODE_SIGN_STYLE = Automatic;
				INFOPLIST_FILE = Tarea5Tests/Info.plist;
				IPHONEOS_DEPLOYMENT_TARGET = 13.4;
				LD_RUNPATH_SEARCH_PATHS = (
					"$(inherited)",
					"@executable_path/Frameworks",
					"@loader_path/Frameworks",
				);
				PRODUCT_BUNDLE_IDENTIFIER = itesm.Tarea5Tests;
				PRODUCT_NAME = "$(TARGET_NAME)";
				SWIFT_VERSION = 5.0;
				TARGETED_DEVICE_FAMILY = "1,2";
				TEST_HOST = "$(BUILT_PRODUCTS_DIR)/Tarea5.app/Tarea5";
			};
			name = Release;
		};
		080EE91824494F2000DC2D19 /* Debug */ = {
			isa = XCBuildConfiguration;
			buildSettings = {
				ALWAYS_EMBED_SWIFT_STANDARD_LIBRARIES = YES;
				CODE_SIGN_STYLE = Automatic;
				INFOPLIST_FILE = Tarea5UITests/Info.plist;
				LD_RUNPATH_SEARCH_PATHS = (
					"$(inherited)",
					"@executable_path/Frameworks",
					"@loader_path/Frameworks",
				);
				PRODUCT_BUNDLE_IDENTIFIER = itesm.Tarea5UITests;
				PRODUCT_NAME = "$(TARGET_NAME)";
				SWIFT_VERSION = 5.0;
				TARGETED_DEVICE_FAMILY = "1,2";
				TEST_TARGET_NAME = Tarea5;
			};
			name = Debug;
		};
		080EE91924494F2000DC2D19 /* Release */ = {
			isa = XCBuildConfiguration;
			buildSettings = {
				ALWAYS_EMBED_SWIFT_STANDARD_LIBRARIES = YES;
				CODE_SIGN_STYLE = Automatic;
				INFOPLIST_FILE = Tarea5UITests/Info.plist;
				LD_RUNPATH_SEARCH_PATHS = (
					"$(inherited)",
					"@executable_path/Frameworks",
					"@loader_path/Frameworks",
				);
				PRODUCT_BUNDLE_IDENTIFIER = itesm.Tarea5UITests;
				PRODUCT_NAME = "$(TARGET_NAME)";
				SWIFT_VERSION = 5.0;
				TARGETED_DEVICE_FAMILY = "1,2";
				TEST_TARGET_NAME = Tarea5;
			};
			name = Release;
		};
/* End XCBuildConfiguration section */

/* Begin XCConfigurationList section */
		080EE8E224494F1E00DC2D19 /* Build configuration list for PBXProject "Tarea5" */ = {
			isa = XCConfigurationList;
			buildConfigurations = (
				080EE90F24494F2000DC2D19 /* Debug */,
				080EE91024494F2000DC2D19 /* Release */,
			);
			defaultConfigurationIsVisible = 0;
			defaultConfigurationName = Release;
		};
		080EE91124494F2000DC2D19 /* Build configuration list for PBXNativeTarget "Tarea5" */ = {
			isa = XCConfigurationList;
			buildConfigurations = (
				080EE91224494F2000DC2D19 /* Debug */,
				080EE91324494F2000DC2D19 /* Release */,
			);
			defaultConfigurationIsVisible = 0;
			defaultConfigurationName = Release;
		};
		080EE91424494F2000DC2D19 /* Build configuration list for PBXNativeTarget "Tarea5Tests" */ = {
			isa = XCConfigurationList;
			buildConfigurations = (
				080EE91524494F2000DC2D19 /* Debug */,
				080EE91624494F2000DC2D19 /* Release */,
			);
			defaultConfigurationIsVisible = 0;
			defaultConfigurationName = Release;
		};
		080EE91724494F2000DC2D19 /* Build configuration list for PBXNativeTarget "Tarea5UITests" */ = {
			isa = XCConfigurationList;
			buildConfigurations = (
				080EE91824494F2000DC2D19 /* Debug */,
				080EE91924494F2000DC2D19 /* Release */,
			);
			defaultConfigurationIsVisible = 0;
			defaultConfigurationName = Release;
		};
/* End XCConfigurationList section */
	};
	rootObject = 080EE8DF24494F1E00DC2D19 /* Project object */;
}
